// !$*UTF8*$!
{
	archiveVersion = 1;
	classes = {
	};
	objectVersion = 46;
	objects = {

/* Begin PBXBuildFile section */
		4283D444996856CD6A450BF0 /* libPods-摩也放松馆.a in Frameworks */ = {isa = PBXBuildFile; fileRef = F8431E2ABB092BFFEF6F91B4 /* libPods-摩也放松馆.a */; };
		ED07F31A1F1DAD98009E19A3 /* MYQuestionTableViewCell.m in Sources */ = {isa = PBXBuildFile; fileRef = ED07F3191F1DAD98009E19A3 /* MYQuestionTableViewCell.m */; };
		ED07F31D1F1DE3D8009E19A3 /* MYAboutViewHeaderView.m in Sources */ = {isa = PBXBuildFile; fileRef = ED07F31C1F1DE3D8009E19A3 /* MYAboutViewHeaderView.m */; };
		ED28A4381F0CDB4C0033940C /* NSArray+Log.m in Sources */ = {isa = PBXBuildFile; fileRef = ED28A4131F0CDB4C0033940C /* NSArray+Log.m */; };
		ED28A4391F0CDB4C0033940C /* NSAttributedString+CZAdditon.m in Sources */ = {isa = PBXBuildFile; fileRef = ED28A4151F0CDB4C0033940C /* NSAttributedString+CZAdditon.m */; };
		ED28A43A1F0CDB4C0033940C /* NSObject+CZRuntime.m in Sources */ = {isa = PBXBuildFile; fileRef = ED28A4171F0CDB4C0033940C /* NSObject+CZRuntime.m */; };
		ED28A43B1F0CDB4C0033940C /* NSString+CZBase64.m in Sources */ = {isa = PBXBuildFile; fileRef = ED28A4191F0CDB4C0033940C /* NSString+CZBase64.m */; };
		ED28A43C1F0CDB4C0033940C /* NSString+CZHash.m in Sources */ = {isa = PBXBuildFile; fileRef = ED28A41B1F0CDB4C0033940C /* NSString+CZHash.m */; };
		ED28A43D1F0CDB4C0033940C /* NSString+CZPath.m in Sources */ = {isa = PBXBuildFile; fileRef = ED28A41D1F0CDB4C0033940C /* NSString+CZPath.m */; };
		ED28A43E1F0CDB4C0033940C /* UIButton+CZAddition.m in Sources */ = {isa = PBXBuildFile; fileRef = ED28A41F1F0CDB4C0033940C /* UIButton+CZAddition.m */; };
		ED28A43F1F0CDB4C0033940C /* UIColor+CZAddition.m in Sources */ = {isa = PBXBuildFile; fileRef = ED28A4211F0CDB4C0033940C /* UIColor+CZAddition.m */; };
		ED28A4401F0CDB4C0033940C /* UILabel+CZAddition.m in Sources */ = {isa = PBXBuildFile; fileRef = ED28A4231F0CDB4C0033940C /* UILabel+CZAddition.m */; };
		ED28A4411F0CDB4C0033940C /* UIScreen+CZAddition.m in Sources */ = {isa = PBXBuildFile; fileRef = ED28A4251F0CDB4C0033940C /* UIScreen+CZAddition.m */; };
		ED28A4421F0CDB4C0033940C /* UIView+CZAddition.m in Sources */ = {isa = PBXBuildFile; fileRef = ED28A4271F0CDB4C0033940C /* UIView+CZAddition.m */; };
		ED28A4431F0CDB4C0033940C /* UIViewController+CZAddition.m in Sources */ = {isa = PBXBuildFile; fileRef = ED28A4291F0CDB4C0033940C /* UIViewController+CZAddition.m */; };
		ED28A4451F0CDB4C0033940C /* LaunchView.m in Sources */ = {isa = PBXBuildFile; fileRef = ED28A4301F0CDB4C0033940C /* LaunchView.m */; };
		ED28A4461F0CDB4C0033940C /* LaunchView.xib in Resources */ = {isa = PBXBuildFile; fileRef = ED28A4311F0CDB4C0033940C /* LaunchView.xib */; };
		ED28A4471F0CDB4C0033940C /* MainViewController.m in Sources */ = {isa = PBXBuildFile; fileRef = ED28A4331F0CDB4C0033940C /* MainViewController.m */; };
		ED28A44B1F0CDFC40033940C /* UIView+Extension.m in Sources */ = {isa = PBXBuildFile; fileRef = ED28A44A1F0CDFC40033940C /* UIView+Extension.m */; };
		ED28A44E1F0CEDD20033940C /* UIImage+Extension.m in Sources */ = {isa = PBXBuildFile; fileRef = ED28A44D1F0CEDD20033940C /* UIImage+Extension.m */; };
		ED28A4541F0DD7E90033940C /* CZBtnView.m in Sources */ = {isa = PBXBuildFile; fileRef = ED28A4531F0DD7E90033940C /* CZBtnView.m */; };
		ED28A4571F0DDAC80033940C /* MYNavViewController.m in Sources */ = {isa = PBXBuildFile; fileRef = ED28A4561F0DDAC80033940C /* MYNavViewController.m */; };
		ED28A45A1F0DDF6A0033940C /* MYSexViewController.m in Sources */ = {isa = PBXBuildFile; fileRef = ED28A4591F0DDF6A0033940C /* MYSexViewController.m */; };
		ED28A45D1F0DDFB80033940C /* MYBirthdayViewController.m in Sources */ = {isa = PBXBuildFile; fileRef = ED28A45C1F0DDFB80033940C /* MYBirthdayViewController.m */; };
		ED28A4601F0DDFD90033940C /* MYHeightViewController.m in Sources */ = {isa = PBXBuildFile; fileRef = ED28A45F1F0DDFD90033940C /* MYHeightViewController.m */; };
		ED28A4631F0DDFF80033940C /* MYWeightViewController.m in Sources */ = {isa = PBXBuildFile; fileRef = ED28A4621F0DDFF80033940C /* MYWeightViewController.m */; };
		ED28A4661F0DE0030033940C /* MYPhoneViewController.m in Sources */ = {isa = PBXBuildFile; fileRef = ED28A4651F0DE0030033940C /* MYPhoneViewController.m */; };
		ED28A4691F0E0E170033940C /* MYUserInfoBaseViewController.m in Sources */ = {isa = PBXBuildFile; fileRef = ED28A4681F0E0E170033940C /* MYUserInfoBaseViewController.m */; };
		ED28A46D1F0F21970033940C /* MYDividingRuleScrollView.m in Sources */ = {isa = PBXBuildFile; fileRef = ED28A46C1F0F21970033940C /* MYDividingRuleScrollView.m */; };
		ED28A4701F0F2B310033940C /* MYDividingRuleView.m in Sources */ = {isa = PBXBuildFile; fileRef = ED28A46F1F0F2B310033940C /* MYDividingRuleView.m */; };
		ED28A4731F0F73F30033940C /* UITextField+Custom.m in Sources */ = {isa = PBXBuildFile; fileRef = ED28A4721F0F73F30033940C /* UITextField+Custom.m */; };
		ED28A4761F0F74340033940C /* MYPhoneView.m in Sources */ = {isa = PBXBuildFile; fileRef = ED28A4751F0F74340033940C /* MYPhoneView.m */; };
		ED28A4791F0F86340033940C /* MYOperationViewController.m in Sources */ = {isa = PBXBuildFile; fileRef = ED28A4781F0F86340033940C /* MYOperationViewController.m */; };
		ED28A47C1F0F863C0033940C /* MYAddServiceViewController.m in Sources */ = {isa = PBXBuildFile; fileRef = ED28A47B1F0F863C0033940C /* MYAddServiceViewController.m */; };
		ED28A47F1F0F86430033940C /* MYMineInfoViewController.m in Sources */ = {isa = PBXBuildFile; fileRef = ED28A47E1F0F86430033940C /* MYMineInfoViewController.m */; };
		ED28A4821F0F8B740033940C /* MYMainBaseViewController.m in Sources */ = {isa = PBXBuildFile; fileRef = ED28A4811F0F8B740033940C /* MYMainBaseViewController.m */; };
		ED28A4861F0F8D740033940C /* MYOperationViewController.storyboard in Resources */ = {isa = PBXBuildFile; fileRef = ED28A4851F0F8D740033940C /* MYOperationViewController.storyboard */; };
		ED28A48A1F0F908C0033940C /* MYOperationCell.m in Sources */ = {isa = PBXBuildFile; fileRef = ED28A4891F0F908C0033940C /* MYOperationCell.m */; };
		ED626FE01F1E003A00705484 /* MYFeedBackInputView.m in Sources */ = {isa = PBXBuildFile; fileRef = ED626FDF1F1E003A00705484 /* MYFeedBackInputView.m */; };
		ED626FE31F1E048500705484 /* MYFeedBackTableViewCell.m in Sources */ = {isa = PBXBuildFile; fileRef = ED626FE21F1E048500705484 /* MYFeedBackTableViewCell.m */; };
		ED65E0A01F0CD1EA00EE1F20 /* main.m in Sources */ = {isa = PBXBuildFile; fileRef = ED65E09F1F0CD1EA00EE1F20 /* main.m */; };
		ED65E0A31F0CD1EA00EE1F20 /* AppDelegate.m in Sources */ = {isa = PBXBuildFile; fileRef = ED65E0A21F0CD1EA00EE1F20 /* AppDelegate.m */; };
		ED65E0A51F0CD1EA00EE1F20 /* Assets.xcassets in Resources */ = {isa = PBXBuildFile; fileRef = ED65E0A41F0CD1EA00EE1F20 /* Assets.xcassets */; };
		ED65E0B31F0CD1EA00EE1F20 /* _____Tests.m in Sources */ = {isa = PBXBuildFile; fileRef = ED65E0B21F0CD1EA00EE1F20 /* _____Tests.m */; };
		ED65E0BE1F0CD1EA00EE1F20 /* _____UITests.m in Sources */ = {isa = PBXBuildFile; fileRef = ED65E0BD1F0CD1EA00EE1F20 /* _____UITests.m */; };
		ED65E0CC1F0CD39300EE1F20 /* Launch Screen.storyboard in Resources */ = {isa = PBXBuildFile; fileRef = ED65E0CB1F0CD39300EE1F20 /* Launch Screen.storyboard */; };
		ED6921781F132BA200F13C61 /* MYMineInfoTableViewCell.m in Sources */ = {isa = PBXBuildFile; fileRef = ED6921771F132BA200F13C61 /* MYMineInfoTableViewCell.m */; };
		ED69217B1F13646F00F13C61 /* MYSearchSerViewController.m in Sources */ = {isa = PBXBuildFile; fileRef = ED69217A1F13646F00F13C61 /* MYSearchSerViewController.m */; };
		ED69217E1F136F5400F13C61 /* UIBarButtonItem+Extension.m in Sources */ = {isa = PBXBuildFile; fileRef = ED69217D1F136F5400F13C61 /* UIBarButtonItem+Extension.m */; };
		ED6921821F14BE7600F13C61 /* MYWorkViewBaseController.m in Sources */ = {isa = PBXBuildFile; fileRef = ED6921811F14BE7600F13C61 /* MYWorkViewBaseController.m */; };
		ED69218A1F14CC3F00F13C61 /* MYWorkTypeBtnView.m in Sources */ = {isa = PBXBuildFile; fileRef = ED6921891F14CC3F00F13C61 /* MYWorkTypeBtnView.m */; };
		ED69218D1F14CC6A00F13C61 /* MYCustomLayout.m in Sources */ = {isa = PBXBuildFile; fileRef = ED69218C1F14CC6A00F13C61 /* MYCustomLayout.m */; };
		ED6921901F15D25500F13C61 /* MYWorkCollectionViewCell.m in Sources */ = {isa = PBXBuildFile; fileRef = ED69218F1F15D25500F13C61 /* MYWorkCollectionViewCell.m */; };
		ED6921931F16045500F13C61 /* MYPickerView.m in Sources */ = {isa = PBXBuildFile; fileRef = ED6921921F16045500F13C61 /* MYPickerView.m */; };
		ED6921961F1605AC00F13C61 /* MYGearView.m in Sources */ = {isa = PBXBuildFile; fileRef = ED6921951F1605AC00F13C61 /* MYGearView.m */; };
		ED69221B1F18708200F13C61 /* MYBLETools.m in Sources */ = {isa = PBXBuildFile; fileRef = ED69221A1F18708200F13C61 /* MYBLETools.m */; };
		ED69221E1F18737400F13C61 /* UIAlertController+Custom.m in Sources */ = {isa = PBXBuildFile; fileRef = ED69221D1F18737400F13C61 /* UIAlertController+Custom.m */; };
		EDAE95011F1C53AC00A6BCCA /* MYUserInfoModel.m in Sources */ = {isa = PBXBuildFile; fileRef = EDAE95001F1C53AB00A6BCCA /* MYUserInfoModel.m */; };
		EDAE95081F1C66D500A6BCCA /* MYUserRecoderViewController.m in Sources */ = {isa = PBXBuildFile; fileRef = EDAE95071F1C66D500A6BCCA /* MYUserRecoderViewController.m */; };
		EDAE950B1F1C66DE00A6BCCA /* MYCommonQuestionViewController.m in Sources */ = {isa = PBXBuildFile; fileRef = EDAE950A1F1C66DE00A6BCCA /* MYCommonQuestionViewController.m */; };
		EDAE950E1F1C66E600A6BCCA /* MYFeedBackViewController.m in Sources */ = {isa = PBXBuildFile; fileRef = EDAE950D1F1C66E600A6BCCA /* MYFeedBackViewController.m */; };
		EDAE95111F1C66EE00A6BCCA /* MYAboutViewController.m in Sources */ = {isa = PBXBuildFile; fileRef = EDAE95101F1C66EE00A6BCCA /* MYAboutViewController.m */; };
		EDAE95151F1C67D800A6BCCA /* MYUserInfoViewController.m in Sources */ = {isa = PBXBuildFile; fileRef = EDAE95141F1C67D800A6BCCA /* MYUserInfoViewController.m */; };
		EDAE951B1F1CB59A00A6BCCA /* MYQuestionHeaderView.m in Sources */ = {isa = PBXBuildFile; fileRef = EDAE951A1F1CB59A00A6BCCA /* MYQuestionHeaderView.m */; };
		EDAE951E1F1CBAD000A6BCCA /* MYCalculateHeight.m in Sources */ = {isa = PBXBuildFile; fileRef = EDAE951D1F1CBAD000A6BCCA /* MYCalculateHeight.m */; };
/* End PBXBuildFile section */

/* Begin PBXContainerItemProxy section */
		ED65E0AF1F0CD1EA00EE1F20 /* PBXContainerItemProxy */ = {
			isa = PBXContainerItemProxy;
			containerPortal = ED65E0931F0CD1EA00EE1F20 /* Project object */;
			proxyType = 1;
			remoteGlobalIDString = ED65E09A1F0CD1EA00EE1F20;
			remoteInfo = "摩也放松馆";
		};
		ED65E0BA1F0CD1EA00EE1F20 /* PBXContainerItemProxy */ = {
			isa = PBXContainerItemProxy;
			containerPortal = ED65E0931F0CD1EA00EE1F20 /* Project object */;
			proxyType = 1;
			remoteGlobalIDString = ED65E09A1F0CD1EA00EE1F20;
			remoteInfo = "摩也放松馆";
		};
/* End PBXContainerItemProxy section */

/* Begin PBXFileReference section */
		1376FDB835EDF64707C6E972 /* Pods-摩也放松馆.debug.xcconfig */ = {isa = PBXFileReference; includeInIndex = 1; lastKnownFileType = text.xcconfig; name = "Pods-摩也放松馆.debug.xcconfig"; path = "Pods/Target Support Files/Pods-摩也放松馆/Pods-摩也放松馆.debug.xcconfig"; sourceTree = "<group>"; };
		3D12B5C3E6B794669DD453FB /* Pods-摩也放松馆.release.xcconfig */ = {isa = PBXFileReference; includeInIndex = 1; lastKnownFileType = text.xcconfig; name = "Pods-摩也放松馆.release.xcconfig"; path = "Pods/Target Support Files/Pods-摩也放松馆/Pods-摩也放松馆.release.xcconfig"; sourceTree = "<group>"; };
		ED07F3181F1DAD98009E19A3 /* MYQuestionTableViewCell.h */ = {isa = PBXFileReference; fileEncoding = 4; lastKnownFileType = sourcecode.c.h; path = MYQuestionTableViewCell.h; sourceTree = "<group>"; };
		ED07F3191F1DAD98009E19A3 /* MYQuestionTableViewCell.m */ = {isa = PBXFileReference; fileEncoding = 4; lastKnownFileType = sourcecode.c.objc; path = MYQuestionTableViewCell.m; sourceTree = "<group>"; };
		ED07F31B1F1DE3D8009E19A3 /* MYAboutViewHeaderView.h */ = {isa = PBXFileReference; fileEncoding = 4; lastKnownFileType = sourcecode.c.h; path = MYAboutViewHeaderView.h; sourceTree = "<group>"; };
		ED07F31C1F1DE3D8009E19A3 /* MYAboutViewHeaderView.m */ = {isa = PBXFileReference; fileEncoding = 4; lastKnownFileType = sourcecode.c.objc; path = MYAboutViewHeaderView.m; sourceTree = "<group>"; };
		ED28A3E41F0CD9240033940C /* PrefixHeader.pch */ = {isa = PBXFileReference; lastKnownFileType = sourcecode.c.h; path = PrefixHeader.pch; sourceTree = "<group>"; };
		ED28A4111F0CDB4C0033940C /* CZAdditions.h */ = {isa = PBXFileReference; fileEncoding = 4; lastKnownFileType = sourcecode.c.h; path = CZAdditions.h; sourceTree = "<group>"; };
		ED28A4121F0CDB4C0033940C /* NSArray+Log.h */ = {isa = PBXFileReference; fileEncoding = 4; lastKnownFileType = sourcecode.c.h; path = "NSArray+Log.h"; sourceTree = "<group>"; };
		ED28A4131F0CDB4C0033940C /* NSArray+Log.m */ = {isa = PBXFileReference; fileEncoding = 4; lastKnownFileType = sourcecode.c.objc; path = "NSArray+Log.m"; sourceTree = "<group>"; };
		ED28A4141F0CDB4C0033940C /* NSAttributedString+CZAdditon.h */ = {isa = PBXFileReference; fileEncoding = 4; lastKnownFileType = sourcecode.c.h; path = "NSAttributedString+CZAdditon.h"; sourceTree = "<group>"; };
		ED28A4151F0CDB4C0033940C /* NSAttributedString+CZAdditon.m */ = {isa = PBXFileReference; fileEncoding = 4; lastKnownFileType = sourcecode.c.objc; path = "NSAttributedString+CZAdditon.m"; sourceTree = "<group>"; };
		ED28A4161F0CDB4C0033940C /* NSObject+CZRuntime.h */ = {isa = PBXFileReference; fileEncoding = 4; lastKnownFileType = sourcecode.c.h; path = "NSObject+CZRuntime.h"; sourceTree = "<group>"; };
		ED28A4171F0CDB4C0033940C /* NSObject+CZRuntime.m */ = {isa = PBXFileReference; fileEncoding = 4; lastKnownFileType = sourcecode.c.objc; path = "NSObject+CZRuntime.m"; sourceTree = "<group>"; };
		ED28A4181F0CDB4C0033940C /* NSString+CZBase64.h */ = {isa = PBXFileReference; fileEncoding = 4; lastKnownFileType = sourcecode.c.h; path = "NSString+CZBase64.h"; sourceTree = "<group>"; };
		ED28A4191F0CDB4C0033940C /* NSString+CZBase64.m */ = {isa = PBXFileReference; fileEncoding = 4; lastKnownFileType = sourcecode.c.objc; path = "NSString+CZBase64.m"; sourceTree = "<group>"; };
		ED28A41A1F0CDB4C0033940C /* NSString+CZHash.h */ = {isa = PBXFileReference; fileEncoding = 4; lastKnownFileType = sourcecode.c.h; path = "NSString+CZHash.h"; sourceTree = "<group>"; };
		ED28A41B1F0CDB4C0033940C /* NSString+CZHash.m */ = {isa = PBXFileReference; fileEncoding = 4; lastKnownFileType = sourcecode.c.objc; path = "NSString+CZHash.m"; sourceTree = "<group>"; };
		ED28A41C1F0CDB4C0033940C /* NSString+CZPath.h */ = {isa = PBXFileReference; fileEncoding = 4; lastKnownFileType = sourcecode.c.h; path = "NSString+CZPath.h"; sourceTree = "<group>"; };
		ED28A41D1F0CDB4C0033940C /* NSString+CZPath.m */ = {isa = PBXFileReference; fileEncoding = 4; lastKnownFileType = sourcecode.c.objc; path = "NSString+CZPath.m"; sourceTree = "<group>"; };
		ED28A41E1F0CDB4C0033940C /* UIButton+CZAddition.h */ = {isa = PBXFileReference; fileEncoding = 4; lastKnownFileType = sourcecode.c.h; path = "UIButton+CZAddition.h"; sourceTree = "<group>"; };
		ED28A41F1F0CDB4C0033940C /* UIButton+CZAddition.m */ = {isa = PBXFileReference; fileEncoding = 4; lastKnownFileType = sourcecode.c.objc; path = "UIButton+CZAddition.m"; sourceTree = "<group>"; };
		ED28A4201F0CDB4C0033940C /* UIColor+CZAddition.h */ = {isa = PBXFileReference; fileEncoding = 4; lastKnownFileType = sourcecode.c.h; path = "UIColor+CZAddition.h"; sourceTree = "<group>"; };
		ED28A4211F0CDB4C0033940C /* UIColor+CZAddition.m */ = {isa = PBXFileReference; fileEncoding = 4; lastKnownFileType = sourcecode.c.objc; path = "UIColor+CZAddition.m"; sourceTree = "<group>"; };
		ED28A4221F0CDB4C0033940C /* UILabel+CZAddition.h */ = {isa = PBXFileReference; fileEncoding = 4; lastKnownFileType = sourcecode.c.h; path = "UILabel+CZAddition.h"; sourceTree = "<group>"; };
		ED28A4231F0CDB4C0033940C /* UILabel+CZAddition.m */ = {isa = PBXFileReference; fileEncoding = 4; lastKnownFileType = sourcecode.c.objc; path = "UILabel+CZAddition.m"; sourceTree = "<group>"; };
		ED28A4241F0CDB4C0033940C /* UIScreen+CZAddition.h */ = {isa = PBXFileReference; fileEncoding = 4; lastKnownFileType = sourcecode.c.h; path = "UIScreen+CZAddition.h"; sourceTree = "<group>"; };
		ED28A4251F0CDB4C0033940C /* UIScreen+CZAddition.m */ = {isa = PBXFileReference; fileEncoding = 4; lastKnownFileType = sourcecode.c.objc; path = "UIScreen+CZAddition.m"; sourceTree = "<group>"; };
		ED28A4261F0CDB4C0033940C /* UIView+CZAddition.h */ = {isa = PBXFileReference; fileEncoding = 4; lastKnownFileType = sourcecode.c.h; path = "UIView+CZAddition.h"; sourceTree = "<group>"; };
		ED28A4271F0CDB4C0033940C /* UIView+CZAddition.m */ = {isa = PBXFileReference; fileEncoding = 4; lastKnownFileType = sourcecode.c.objc; path = "UIView+CZAddition.m"; sourceTree = "<group>"; };
		ED28A4281F0CDB4C0033940C /* UIViewController+CZAddition.h */ = {isa = PBXFileReference; fileEncoding = 4; lastKnownFileType = sourcecode.c.h; path = "UIViewController+CZAddition.h"; sourceTree = "<group>"; };
		ED28A4291F0CDB4C0033940C /* UIViewController+CZAddition.m */ = {isa = PBXFileReference; fileEncoding = 4; lastKnownFileType = sourcecode.c.objc; path = "UIViewController+CZAddition.m"; sourceTree = "<group>"; };
		ED28A42F1F0CDB4C0033940C /* LaunchView.h */ = {isa = PBXFileReference; fileEncoding = 4; lastKnownFileType = sourcecode.c.h; path = LaunchView.h; sourceTree = "<group>"; };
		ED28A4301F0CDB4C0033940C /* LaunchView.m */ = {isa = PBXFileReference; fileEncoding = 4; lastKnownFileType = sourcecode.c.objc; path = LaunchView.m; sourceTree = "<group>"; };
		ED28A4311F0CDB4C0033940C /* LaunchView.xib */ = {isa = PBXFileReference; fileEncoding = 4; lastKnownFileType = file.xib; path = LaunchView.xib; sourceTree = "<group>"; };
		ED28A4321F0CDB4C0033940C /* MainViewController.h */ = {isa = PBXFileReference; fileEncoding = 4; lastKnownFileType = sourcecode.c.h; path = MainViewController.h; sourceTree = "<group>"; };
		ED28A4331F0CDB4C0033940C /* MainViewController.m */ = {isa = PBXFileReference; fileEncoding = 4; lastKnownFileType = sourcecode.c.objc; path = MainViewController.m; sourceTree = "<group>"; };
		ED28A4491F0CDFC40033940C /* UIView+Extension.h */ = {isa = PBXFileReference; fileEncoding = 4; lastKnownFileType = sourcecode.c.h; path = "UIView+Extension.h"; sourceTree = "<group>"; };
		ED28A44A1F0CDFC40033940C /* UIView+Extension.m */ = {isa = PBXFileReference; fileEncoding = 4; lastKnownFileType = sourcecode.c.objc; path = "UIView+Extension.m"; sourceTree = "<group>"; };
		ED28A44C1F0CEDD20033940C /* UIImage+Extension.h */ = {isa = PBXFileReference; fileEncoding = 4; lastKnownFileType = sourcecode.c.h; path = "UIImage+Extension.h"; sourceTree = "<group>"; };
		ED28A44D1F0CEDD20033940C /* UIImage+Extension.m */ = {isa = PBXFileReference; fileEncoding = 4; lastKnownFileType = sourcecode.c.objc; path = "UIImage+Extension.m"; sourceTree = "<group>"; };
		ED28A4521F0DD7E90033940C /* CZBtnView.h */ = {isa = PBXFileReference; fileEncoding = 4; lastKnownFileType = sourcecode.c.h; path = CZBtnView.h; sourceTree = "<group>"; };
		ED28A4531F0DD7E90033940C /* CZBtnView.m */ = {isa = PBXFileReference; fileEncoding = 4; lastKnownFileType = sourcecode.c.objc; path = CZBtnView.m; sourceTree = "<group>"; };
		ED28A4551F0DDAC80033940C /* MYNavViewController.h */ = {isa = PBXFileReference; fileEncoding = 4; lastKnownFileType = sourcecode.c.h; path = MYNavViewController.h; sourceTree = "<group>"; };
		ED28A4561F0DDAC80033940C /* MYNavViewController.m */ = {isa = PBXFileReference; fileEncoding = 4; lastKnownFileType = sourcecode.c.objc; path = MYNavViewController.m; sourceTree = "<group>"; };
		ED28A4581F0DDF6A0033940C /* MYSexViewController.h */ = {isa = PBXFileReference; fileEncoding = 4; lastKnownFileType = sourcecode.c.h; path = MYSexViewController.h; sourceTree = "<group>"; };
		ED28A4591F0DDF6A0033940C /* MYSexViewController.m */ = {isa = PBXFileReference; fileEncoding = 4; lastKnownFileType = sourcecode.c.objc; path = MYSexViewController.m; sourceTree = "<group>"; };
		ED28A45B1F0DDFB80033940C /* MYBirthdayViewController.h */ = {isa = PBXFileReference; fileEncoding = 4; lastKnownFileType = sourcecode.c.h; path = MYBirthdayViewController.h; sourceTree = "<group>"; };
		ED28A45C1F0DDFB80033940C /* MYBirthdayViewController.m */ = {isa = PBXFileReference; fileEncoding = 4; lastKnownFileType = sourcecode.c.objc; path = MYBirthdayViewController.m; sourceTree = "<group>"; };
		ED28A45E1F0DDFD90033940C /* MYHeightViewController.h */ = {isa = PBXFileReference; fileEncoding = 4; lastKnownFileType = sourcecode.c.h; path = MYHeightViewController.h; sourceTree = "<group>"; };
		ED28A45F1F0DDFD90033940C /* MYHeightViewController.m */ = {isa = PBXFileReference; fileEncoding = 4; lastKnownFileType = sourcecode.c.objc; path = MYHeightViewController.m; sourceTree = "<group>"; };
		ED28A4611F0DDFF80033940C /* MYWeightViewController.h */ = {isa = PBXFileReference; fileEncoding = 4; lastKnownFileType = sourcecode.c.h; path = MYWeightViewController.h; sourceTree = "<group>"; };
		ED28A4621F0DDFF80033940C /* MYWeightViewController.m */ = {isa = PBXFileReference; fileEncoding = 4; lastKnownFileType = sourcecode.c.objc; path = MYWeightViewController.m; sourceTree = "<group>"; };
		ED28A4641F0DE0030033940C /* MYPhoneViewController.h */ = {isa = PBXFileReference; fileEncoding = 4; lastKnownFileType = sourcecode.c.h; path = MYPhoneViewController.h; sourceTree = "<group>"; };
		ED28A4651F0DE0030033940C /* MYPhoneViewController.m */ = {isa = PBXFileReference; fileEncoding = 4; lastKnownFileType = sourcecode.c.objc; path = MYPhoneViewController.m; sourceTree = "<group>"; };
		ED28A4671F0E0E170033940C /* MYUserInfoBaseViewController.h */ = {isa = PBXFileReference; fileEncoding = 4; lastKnownFileType = sourcecode.c.h; path = MYUserInfoBaseViewController.h; sourceTree = "<group>"; };
		ED28A4681F0E0E170033940C /* MYUserInfoBaseViewController.m */ = {isa = PBXFileReference; fileEncoding = 4; lastKnownFileType = sourcecode.c.objc; path = MYUserInfoBaseViewController.m; sourceTree = "<group>"; };
		ED28A46B1F0F21970033940C /* MYDividingRuleScrollView.h */ = {isa = PBXFileReference; fileEncoding = 4; lastKnownFileType = sourcecode.c.h; path = MYDividingRuleScrollView.h; sourceTree = "<group>"; };
		ED28A46C1F0F21970033940C /* MYDividingRuleScrollView.m */ = {isa = PBXFileReference; fileEncoding = 4; lastKnownFileType = sourcecode.c.objc; path = MYDividingRuleScrollView.m; sourceTree = "<group>"; };
		ED28A46E1F0F2B310033940C /* MYDividingRuleView.h */ = {isa = PBXFileReference; fileEncoding = 4; lastKnownFileType = sourcecode.c.h; path = MYDividingRuleView.h; sourceTree = "<group>"; };
		ED28A46F1F0F2B310033940C /* MYDividingRuleView.m */ = {isa = PBXFileReference; fileEncoding = 4; lastKnownFileType = sourcecode.c.objc; path = MYDividingRuleView.m; sourceTree = "<group>"; };
		ED28A4711F0F73F30033940C /* UITextField+Custom.h */ = {isa = PBXFileReference; fileEncoding = 4; lastKnownFileType = sourcecode.c.h; path = "UITextField+Custom.h"; sourceTree = "<group>"; };
		ED28A4721F0F73F30033940C /* UITextField+Custom.m */ = {isa = PBXFileReference; fileEncoding = 4; lastKnownFileType = sourcecode.c.objc; path = "UITextField+Custom.m"; sourceTree = "<group>"; };
		ED28A4741F0F74340033940C /* MYPhoneView.h */ = {isa = PBXFileReference; fileEncoding = 4; lastKnownFileType = sourcecode.c.h; path = MYPhoneView.h; sourceTree = "<group>"; };
		ED28A4751F0F74340033940C /* MYPhoneView.m */ = {isa = PBXFileReference; fileEncoding = 4; lastKnownFileType = sourcecode.c.objc; path = MYPhoneView.m; sourceTree = "<group>"; };
		ED28A4771F0F86340033940C /* MYOperationViewController.h */ = {isa = PBXFileReference; fileEncoding = 4; lastKnownFileType = sourcecode.c.h; path = MYOperationViewController.h; sourceTree = "<group>"; };
		ED28A4781F0F86340033940C /* MYOperationViewController.m */ = {isa = PBXFileReference; fileEncoding = 4; lastKnownFileType = sourcecode.c.objc; path = MYOperationViewController.m; sourceTree = "<group>"; };
		ED28A47A1F0F863C0033940C /* MYAddServiceViewController.h */ = {isa = PBXFileReference; fileEncoding = 4; lastKnownFileType = sourcecode.c.h; path = MYAddServiceViewController.h; sourceTree = "<group>"; };
		ED28A47B1F0F863C0033940C /* MYAddServiceViewController.m */ = {isa = PBXFileReference; fileEncoding = 4; lastKnownFileType = sourcecode.c.objc; path = MYAddServiceViewController.m; sourceTree = "<group>"; };
		ED28A47D1F0F86430033940C /* MYMineInfoViewController.h */ = {isa = PBXFileReference; fileEncoding = 4; lastKnownFileType = sourcecode.c.h; path = MYMineInfoViewController.h; sourceTree = "<group>"; };
		ED28A47E1F0F86430033940C /* MYMineInfoViewController.m */ = {isa = PBXFileReference; fileEncoding = 4; lastKnownFileType = sourcecode.c.objc; path = MYMineInfoViewController.m; sourceTree = "<group>"; };
		ED28A4801F0F8B740033940C /* MYMainBaseViewController.h */ = {isa = PBXFileReference; fileEncoding = 4; lastKnownFileType = sourcecode.c.h; path = MYMainBaseViewController.h; sourceTree = "<group>"; };
		ED28A4811F0F8B740033940C /* MYMainBaseViewController.m */ = {isa = PBXFileReference; fileEncoding = 4; lastKnownFileType = sourcecode.c.objc; path = MYMainBaseViewController.m; sourceTree = "<group>"; };
		ED28A4851F0F8D740033940C /* MYOperationViewController.storyboard */ = {isa = PBXFileReference; fileEncoding = 4; lastKnownFileType = file.storyboard; path = MYOperationViewController.storyboard; sourceTree = "<group>"; };
		ED28A4881F0F908C0033940C /* MYOperationCell.h */ = {isa = PBXFileReference; fileEncoding = 4; lastKnownFileType = sourcecode.c.h; path = MYOperationCell.h; sourceTree = "<group>"; };
		ED28A4891F0F908C0033940C /* MYOperationCell.m */ = {isa = PBXFileReference; fileEncoding = 4; lastKnownFileType = sourcecode.c.objc; path = MYOperationCell.m; sourceTree = "<group>"; };
		ED626FDE1F1E003A00705484 /* MYFeedBackInputView.h */ = {isa = PBXFileReference; fileEncoding = 4; lastKnownFileType = sourcecode.c.h; path = MYFeedBackInputView.h; sourceTree = "<group>"; };
		ED626FDF1F1E003A00705484 /* MYFeedBackInputView.m */ = {isa = PBXFileReference; fileEncoding = 4; lastKnownFileType = sourcecode.c.objc; path = MYFeedBackInputView.m; sourceTree = "<group>"; };
		ED626FE11F1E048500705484 /* MYFeedBackTableViewCell.h */ = {isa = PBXFileReference; fileEncoding = 4; lastKnownFileType = sourcecode.c.h; path = MYFeedBackTableViewCell.h; sourceTree = "<group>"; };
		ED626FE21F1E048500705484 /* MYFeedBackTableViewCell.m */ = {isa = PBXFileReference; fileEncoding = 4; lastKnownFileType = sourcecode.c.objc; path = MYFeedBackTableViewCell.m; sourceTree = "<group>"; };
		ED65E09B1F0CD1EA00EE1F20 /* 摩也放松馆.app */ = {isa = PBXFileReference; explicitFileType = wrapper.application; includeInIndex = 0; path = "摩也放松馆.app"; sourceTree = BUILT_PRODUCTS_DIR; };
		ED65E09F1F0CD1EA00EE1F20 /* main.m */ = {isa = PBXFileReference; lastKnownFileType = sourcecode.c.objc; path = main.m; sourceTree = "<group>"; };
		ED65E0A11F0CD1EA00EE1F20 /* AppDelegate.h */ = {isa = PBXFileReference; lastKnownFileType = sourcecode.c.h; path = AppDelegate.h; sourceTree = "<group>"; };
		ED65E0A21F0CD1EA00EE1F20 /* AppDelegate.m */ = {isa = PBXFileReference; lastKnownFileType = sourcecode.c.objc; path = AppDelegate.m; sourceTree = "<group>"; };
		ED65E0A41F0CD1EA00EE1F20 /* Assets.xcassets */ = {isa = PBXFileReference; lastKnownFileType = folder.assetcatalog; path = Assets.xcassets; sourceTree = "<group>"; };
		ED65E0A91F0CD1EA00EE1F20 /* Info.plist */ = {isa = PBXFileReference; lastKnownFileType = text.plist.xml; path = Info.plist; sourceTree = "<group>"; };
		ED65E0AE1F0CD1EA00EE1F20 /* 摩也放松馆Tests.xctest */ = {isa = PBXFileReference; explicitFileType = wrapper.cfbundle; includeInIndex = 0; path = "摩也放松馆Tests.xctest"; sourceTree = BUILT_PRODUCTS_DIR; };
		ED65E0B21F0CD1EA00EE1F20 /* _____Tests.m */ = {isa = PBXFileReference; lastKnownFileType = sourcecode.c.objc; path = "_____Tests.m"; sourceTree = "<group>"; };
		ED65E0B41F0CD1EA00EE1F20 /* Info.plist */ = {isa = PBXFileReference; lastKnownFileType = text.plist.xml; path = Info.plist; sourceTree = "<group>"; };
		ED65E0B91F0CD1EA00EE1F20 /* 摩也放松馆UITests.xctest */ = {isa = PBXFileReference; explicitFileType = wrapper.cfbundle; includeInIndex = 0; path = "摩也放松馆UITests.xctest"; sourceTree = BUILT_PRODUCTS_DIR; };
		ED65E0BD1F0CD1EA00EE1F20 /* _____UITests.m */ = {isa = PBXFileReference; lastKnownFileType = sourcecode.c.objc; path = "_____UITests.m"; sourceTree = "<group>"; };
		ED65E0BF1F0CD1EA00EE1F20 /* Info.plist */ = {isa = PBXFileReference; lastKnownFileType = text.plist.xml; path = Info.plist; sourceTree = "<group>"; };
		ED65E0CB1F0CD39300EE1F20 /* Launch Screen.storyboard */ = {isa = PBXFileReference; fileEncoding = 4; lastKnownFileType = file.storyboard; path = "Launch Screen.storyboard"; sourceTree = "<group>"; };
		ED6921761F132BA200F13C61 /* MYMineInfoTableViewCell.h */ = {isa = PBXFileReference; fileEncoding = 4; lastKnownFileType = sourcecode.c.h; path = MYMineInfoTableViewCell.h; sourceTree = "<group>"; };
		ED6921771F132BA200F13C61 /* MYMineInfoTableViewCell.m */ = {isa = PBXFileReference; fileEncoding = 4; lastKnownFileType = sourcecode.c.objc; path = MYMineInfoTableViewCell.m; sourceTree = "<group>"; };
		ED6921791F13646F00F13C61 /* MYSearchSerViewController.h */ = {isa = PBXFileReference; fileEncoding = 4; lastKnownFileType = sourcecode.c.h; path = MYSearchSerViewController.h; sourceTree = "<group>"; };
		ED69217A1F13646F00F13C61 /* MYSearchSerViewController.m */ = {isa = PBXFileReference; fileEncoding = 4; lastKnownFileType = sourcecode.c.objc; path = MYSearchSerViewController.m; sourceTree = "<group>"; };
		ED69217C1F136F5400F13C61 /* UIBarButtonItem+Extension.h */ = {isa = PBXFileReference; fileEncoding = 4; lastKnownFileType = sourcecode.c.h; path = "UIBarButtonItem+Extension.h"; sourceTree = "<group>"; };
		ED69217D1F136F5400F13C61 /* UIBarButtonItem+Extension.m */ = {isa = PBXFileReference; fileEncoding = 4; lastKnownFileType = sourcecode.c.objc; path = "UIBarButtonItem+Extension.m"; sourceTree = "<group>"; };
		ED6921801F14BE7600F13C61 /* MYWorkViewBaseController.h */ = {isa = PBXFileReference; fileEncoding = 4; lastKnownFileType = sourcecode.c.h; path = MYWorkViewBaseController.h; sourceTree = "<group>"; };
		ED6921811F14BE7600F13C61 /* MYWorkViewBaseController.m */ = {isa = PBXFileReference; fileEncoding = 4; lastKnownFileType = sourcecode.c.objc; path = MYWorkViewBaseController.m; sourceTree = "<group>"; };
		ED6921881F14CC3F00F13C61 /* MYWorkTypeBtnView.h */ = {isa = PBXFileReference; fileEncoding = 4; lastKnownFileType = sourcecode.c.h; path = MYWorkTypeBtnView.h; sourceTree = "<group>"; };
		ED6921891F14CC3F00F13C61 /* MYWorkTypeBtnView.m */ = {isa = PBXFileReference; fileEncoding = 4; lastKnownFileType = sourcecode.c.objc; path = MYWorkTypeBtnView.m; sourceTree = "<group>"; };
		ED69218B1F14CC6A00F13C61 /* MYCustomLayout.h */ = {isa = PBXFileReference; fileEncoding = 4; lastKnownFileType = sourcecode.c.h; path = MYCustomLayout.h; sourceTree = "<group>"; };
		ED69218C1F14CC6A00F13C61 /* MYCustomLayout.m */ = {isa = PBXFileReference; fileEncoding = 4; lastKnownFileType = sourcecode.c.objc; path = MYCustomLayout.m; sourceTree = "<group>"; };
		ED69218E1F15D25500F13C61 /* MYWorkCollectionViewCell.h */ = {isa = PBXFileReference; fileEncoding = 4; lastKnownFileType = sourcecode.c.h; path = MYWorkCollectionViewCell.h; sourceTree = "<group>"; };
		ED69218F1F15D25500F13C61 /* MYWorkCollectionViewCell.m */ = {isa = PBXFileReference; fileEncoding = 4; lastKnownFileType = sourcecode.c.objc; path = MYWorkCollectionViewCell.m; sourceTree = "<group>"; };
		ED6921911F16045500F13C61 /* MYPickerView.h */ = {isa = PBXFileReference; fileEncoding = 4; lastKnownFileType = sourcecode.c.h; path = MYPickerView.h; sourceTree = "<group>"; };
		ED6921921F16045500F13C61 /* MYPickerView.m */ = {isa = PBXFileReference; fileEncoding = 4; lastKnownFileType = sourcecode.c.objc; path = MYPickerView.m; sourceTree = "<group>"; };
		ED6921941F1605AC00F13C61 /* MYGearView.h */ = {isa = PBXFileReference; fileEncoding = 4; lastKnownFileType = sourcecode.c.h; path = MYGearView.h; sourceTree = "<group>"; };
		ED6921951F1605AC00F13C61 /* MYGearView.m */ = {isa = PBXFileReference; fileEncoding = 4; lastKnownFileType = sourcecode.c.objc; path = MYGearView.m; sourceTree = "<group>"; };
		ED6922191F18708200F13C61 /* MYBLETools.h */ = {isa = PBXFileReference; fileEncoding = 4; lastKnownFileType = sourcecode.c.h; path = MYBLETools.h; sourceTree = "<group>"; };
		ED69221A1F18708200F13C61 /* MYBLETools.m */ = {isa = PBXFileReference; fileEncoding = 4; lastKnownFileType = sourcecode.c.objc; path = MYBLETools.m; sourceTree = "<group>"; };
		ED69221C1F18737400F13C61 /* UIAlertController+Custom.h */ = {isa = PBXFileReference; fileEncoding = 4; lastKnownFileType = sourcecode.c.h; path = "UIAlertController+Custom.h"; sourceTree = "<group>"; };
		ED69221D1F18737400F13C61 /* UIAlertController+Custom.m */ = {isa = PBXFileReference; fileEncoding = 4; lastKnownFileType = sourcecode.c.objc; path = "UIAlertController+Custom.m"; sourceTree = "<group>"; };
		EDAE94FF1F1C53AB00A6BCCA /* MYUserInfoModel.h */ = {isa = PBXFileReference; fileEncoding = 4; lastKnownFileType = sourcecode.c.h; path = MYUserInfoModel.h; sourceTree = "<group>"; };
		EDAE95001F1C53AB00A6BCCA /* MYUserInfoModel.m */ = {isa = PBXFileReference; fileEncoding = 4; lastKnownFileType = sourcecode.c.objc; path = MYUserInfoModel.m; sourceTree = "<group>"; };
		EDAE95061F1C66D500A6BCCA /* MYUserRecoderViewController.h */ = {isa = PBXFileReference; fileEncoding = 4; lastKnownFileType = sourcecode.c.h; path = MYUserRecoderViewController.h; sourceTree = "<group>"; };
		EDAE95071F1C66D500A6BCCA /* MYUserRecoderViewController.m */ = {isa = PBXFileReference; fileEncoding = 4; lastKnownFileType = sourcecode.c.objc; path = MYUserRecoderViewController.m; sourceTree = "<group>"; };
		EDAE95091F1C66DE00A6BCCA /* MYCommonQuestionViewController.h */ = {isa = PBXFileReference; fileEncoding = 4; lastKnownFileType = sourcecode.c.h; path = MYCommonQuestionViewController.h; sourceTree = "<group>"; };
		EDAE950A1F1C66DE00A6BCCA /* MYCommonQuestionViewController.m */ = {isa = PBXFileReference; fileEncoding = 4; lastKnownFileType = sourcecode.c.objc; path = MYCommonQuestionViewController.m; sourceTree = "<group>"; };
		EDAE950C1F1C66E600A6BCCA /* MYFeedBackViewController.h */ = {isa = PBXFileReference; fileEncoding = 4; lastKnownFileType = sourcecode.c.h; path = MYFeedBackViewController.h; sourceTree = "<group>"; };
		EDAE950D1F1C66E600A6BCCA /* MYFeedBackViewController.m */ = {isa = PBXFileReference; fileEncoding = 4; lastKnownFileType = sourcecode.c.objc; path = MYFeedBackViewController.m; sourceTree = "<group>"; };
		EDAE950F1F1C66EE00A6BCCA /* MYAboutViewController.h */ = {isa = PBXFileReference; fileEncoding = 4; lastKnownFileType = sourcecode.c.h; path = MYAboutViewController.h; sourceTree = "<group>"; };
		EDAE95101F1C66EE00A6BCCA /* MYAboutViewController.m */ = {isa = PBXFileReference; fileEncoding = 4; lastKnownFileType = sourcecode.c.objc; path = MYAboutViewController.m; sourceTree = "<group>"; };
		EDAE95131F1C67D800A6BCCA /* MYUserInfoViewController.h */ = {isa = PBXFileReference; fileEncoding = 4; lastKnownFileType = sourcecode.c.h; path = MYUserInfoViewController.h; sourceTree = "<group>"; };
		EDAE95141F1C67D800A6BCCA /* MYUserInfoViewController.m */ = {isa = PBXFileReference; fileEncoding = 4; lastKnownFileType = sourcecode.c.objc; path = MYUserInfoViewController.m; sourceTree = "<group>"; };
		EDAE95191F1CB59A00A6BCCA /* MYQuestionHeaderView.h */ = {isa = PBXFileReference; fileEncoding = 4; lastKnownFileType = sourcecode.c.h; path = MYQuestionHeaderView.h; sourceTree = "<group>"; };
		EDAE951A1F1CB59A00A6BCCA /* MYQuestionHeaderView.m */ = {isa = PBXFileReference; fileEncoding = 4; lastKnownFileType = sourcecode.c.objc; path = MYQuestionHeaderView.m; sourceTree = "<group>"; };
		EDAE951C1F1CBAD000A6BCCA /* MYCalculateHeight.h */ = {isa = PBXFileReference; fileEncoding = 4; lastKnownFileType = sourcecode.c.h; path = MYCalculateHeight.h; sourceTree = "<group>"; };
		EDAE951D1F1CBAD000A6BCCA /* MYCalculateHeight.m */ = {isa = PBXFileReference; fileEncoding = 4; lastKnownFileType = sourcecode.c.objc; path = MYCalculateHeight.m; sourceTree = "<group>"; };
		F8431E2ABB092BFFEF6F91B4 /* libPods-摩也放松馆.a */ = {isa = PBXFileReference; explicitFileType = archive.ar; includeInIndex = 0; path = "libPods-摩也放松馆.a"; sourceTree = BUILT_PRODUCTS_DIR; };
/* End PBXFileReference section */

/* Begin PBXFrameworksBuildPhase section */
		ED65E0981F0CD1EA00EE1F20 /* Frameworks */ = {
			isa = PBXFrameworksBuildPhase;
			buildActionMask = 2147483647;
			files = (
				4283D444996856CD6A450BF0 /* libPods-摩也放松馆.a in Frameworks */,
			);
			runOnlyForDeploymentPostprocessing = 0;
		};
		ED65E0AB1F0CD1EA00EE1F20 /* Frameworks */ = {
			isa = PBXFrameworksBuildPhase;
			buildActionMask = 2147483647;
			files = (
			);
			runOnlyForDeploymentPostprocessing = 0;
		};
		ED65E0B61F0CD1EA00EE1F20 /* Frameworks */ = {
			isa = PBXFrameworksBuildPhase;
			buildActionMask = 2147483647;
			files = (
			);
			runOnlyForDeploymentPostprocessing = 0;
		};
/* End PBXFrameworksBuildPhase section */

/* Begin PBXGroup section */
		64CFEB4B075CF20128EA76F0 /* Frameworks */ = {
			isa = PBXGroup;
			children = (
				F8431E2ABB092BFFEF6F91B4 /* libPods-摩也放松馆.a */,
			);
			name = Frameworks;
			sourceTree = "<group>";
		};
		6B9CA9FC82E13873DD100BB0 /* Pods */ = {
			isa = PBXGroup;
			children = (
				1376FDB835EDF64707C6E972 /* Pods-摩也放松馆.debug.xcconfig */,
				3D12B5C3E6B794669DD453FB /* Pods-摩也放松馆.release.xcconfig */,
			);
			name = Pods;
			sourceTree = "<group>";
		};
		ED28A40D1F0CDB4C0033940C /* Classes */ = {
			isa = PBXGroup;
			children = (
				ED28A42B1F0CDB4C0033940C /* View(视图和控制器) */,
				ED28A40F1F0CDB4C0033940C /* Tools(工具) */,
				ED28A40E1F0CDB4C0033940C /* Model(模型) */,
				ED28A4371F0CDB4C0033940C /* ViewModel(视图模型) */,
			);
			path = Classes;
			sourceTree = "<group>";
		};
		ED28A40E1F0CDB4C0033940C /* Model(模型) */ = {
			isa = PBXGroup;
			children = (
			);
			path = "Model(模型)";
			sourceTree = "<group>";
		};
		ED28A40F1F0CDB4C0033940C /* Tools(工具) */ = {
			isa = PBXGroup;
			children = (
				ED6922181F18707200F13C61 /* BLETools */,
				ED28A46A1F0F215B0033940C /* CustomTools */,
				ED28A4101F0CDB4C0033940C /* Additions */,
			);
			path = "Tools(工具)";
			sourceTree = "<group>";
		};
		ED28A4101F0CDB4C0033940C /* Additions */ = {
			isa = PBXGroup;
			children = (
				ED28A4111F0CDB4C0033940C /* CZAdditions.h */,
				ED28A4711F0F73F30033940C /* UITextField+Custom.h */,
				ED28A4721F0F73F30033940C /* UITextField+Custom.m */,
				ED69217C1F136F5400F13C61 /* UIBarButtonItem+Extension.h */,
				ED69217D1F136F5400F13C61 /* UIBarButtonItem+Extension.m */,
				ED28A4521F0DD7E90033940C /* CZBtnView.h */,
				ED28A4531F0DD7E90033940C /* CZBtnView.m */,
				ED28A4491F0CDFC40033940C /* UIView+Extension.h */,
				ED28A44A1F0CDFC40033940C /* UIView+Extension.m */,
				ED28A4121F0CDB4C0033940C /* NSArray+Log.h */,
				ED28A4131F0CDB4C0033940C /* NSArray+Log.m */,
				ED28A4141F0CDB4C0033940C /* NSAttributedString+CZAdditon.h */,
				ED28A4151F0CDB4C0033940C /* NSAttributedString+CZAdditon.m */,
				ED28A4161F0CDB4C0033940C /* NSObject+CZRuntime.h */,
				ED28A4171F0CDB4C0033940C /* NSObject+CZRuntime.m */,
				ED28A4181F0CDB4C0033940C /* NSString+CZBase64.h */,
				ED28A4191F0CDB4C0033940C /* NSString+CZBase64.m */,
				ED28A41A1F0CDB4C0033940C /* NSString+CZHash.h */,
				ED28A41B1F0CDB4C0033940C /* NSString+CZHash.m */,
				ED28A41C1F0CDB4C0033940C /* NSString+CZPath.h */,
				ED28A41D1F0CDB4C0033940C /* NSString+CZPath.m */,
				ED28A41E1F0CDB4C0033940C /* UIButton+CZAddition.h */,
				ED28A41F1F0CDB4C0033940C /* UIButton+CZAddition.m */,
				ED28A4201F0CDB4C0033940C /* UIColor+CZAddition.h */,
				ED28A4211F0CDB4C0033940C /* UIColor+CZAddition.m */,
				ED28A4221F0CDB4C0033940C /* UILabel+CZAddition.h */,
				ED28A4231F0CDB4C0033940C /* UILabel+CZAddition.m */,
				ED28A4241F0CDB4C0033940C /* UIScreen+CZAddition.h */,
				ED28A4251F0CDB4C0033940C /* UIScreen+CZAddition.m */,
				ED28A4261F0CDB4C0033940C /* UIView+CZAddition.h */,
				ED28A4271F0CDB4C0033940C /* UIView+CZAddition.m */,
				ED28A4281F0CDB4C0033940C /* UIViewController+CZAddition.h */,
				ED28A4291F0CDB4C0033940C /* UIViewController+CZAddition.m */,
				ED28A44C1F0CEDD20033940C /* UIImage+Extension.h */,
				ED28A44D1F0CEDD20033940C /* UIImage+Extension.m */,
			);
			path = Additions;
			sourceTree = "<group>";
		};
		ED28A42B1F0CDB4C0033940C /* View(视图和控制器) */ = {
			isa = PBXGroup;
			children = (
				ED28A42D1F0CDB4C0033940C /* Main */,
				ED28A4361F0CDB4C0033940C /* Operation */,
				ED28A42C1F0CDB4C0033940C /* AddService */,
				ED28A4351F0CDB4C0033940C /* MineInfo */,
			);
			path = "View(视图和控制器)";
			sourceTree = "<group>";
		};
		ED28A42C1F0CDB4C0033940C /* AddService */ = {
			isa = PBXGroup;
			children = (
				ED28A47A1F0F863C0033940C /* MYAddServiceViewController.h */,
				ED28A47B1F0F863C0033940C /* MYAddServiceViewController.m */,
				ED6921791F13646F00F13C61 /* MYSearchSerViewController.h */,
				ED69217A1F13646F00F13C61 /* MYSearchSerViewController.m */,
			);
			path = AddService;
			sourceTree = "<group>";
		};
		ED28A42D1F0CDB4C0033940C /* Main */ = {
			isa = PBXGroup;
			children = (
				ED28A4321F0CDB4C0033940C /* MainViewController.h */,
				ED28A4331F0CDB4C0033940C /* MainViewController.m */,
				ED28A4551F0DDAC80033940C /* MYNavViewController.h */,
				ED28A4561F0DDAC80033940C /* MYNavViewController.m */,
				ED28A4801F0F8B740033940C /* MYMainBaseViewController.h */,
				ED28A4811F0F8B740033940C /* MYMainBaseViewController.m */,
				ED28A42E1F0CDB4C0033940C /* Launch */,
				ED28A4341F0CDB4C0033940C /* SetUserInfo */,
			);
			path = Main;
			sourceTree = "<group>";
		};
		ED28A42E1F0CDB4C0033940C /* Launch */ = {
			isa = PBXGroup;
			children = (
				ED28A42F1F0CDB4C0033940C /* LaunchView.h */,
				ED28A4301F0CDB4C0033940C /* LaunchView.m */,
				ED28A4311F0CDB4C0033940C /* LaunchView.xib */,
			);
			path = Launch;
			sourceTree = "<group>";
		};
		ED28A4341F0CDB4C0033940C /* SetUserInfo */ = {
			isa = PBXGroup;
			children = (
				EDAE94FE1F1C539A00A6BCCA /* Model */,
				ED28A4671F0E0E170033940C /* MYUserInfoBaseViewController.h */,
				ED28A4681F0E0E170033940C /* MYUserInfoBaseViewController.m */,
				ED28A4581F0DDF6A0033940C /* MYSexViewController.h */,
				ED28A4591F0DDF6A0033940C /* MYSexViewController.m */,
				ED28A45B1F0DDFB80033940C /* MYBirthdayViewController.h */,
				ED28A45C1F0DDFB80033940C /* MYBirthdayViewController.m */,
				ED28A45E1F0DDFD90033940C /* MYHeightViewController.h */,
				ED28A45F1F0DDFD90033940C /* MYHeightViewController.m */,
				ED28A4611F0DDFF80033940C /* MYWeightViewController.h */,
				ED28A4621F0DDFF80033940C /* MYWeightViewController.m */,
				ED28A4641F0DE0030033940C /* MYPhoneViewController.h */,
				ED28A4651F0DE0030033940C /* MYPhoneViewController.m */,
				ED28A4741F0F74340033940C /* MYPhoneView.h */,
				ED28A4751F0F74340033940C /* MYPhoneView.m */,
			);
			path = SetUserInfo;
			sourceTree = "<group>";
		};
		ED28A4351F0CDB4C0033940C /* MineInfo */ = {
			isa = PBXGroup;
			children = (
				ED28A47D1F0F86430033940C /* MYMineInfoViewController.h */,
				ED28A47E1F0F86430033940C /* MYMineInfoViewController.m */,
				EDAE95121F1C67D000A6BCCA /* UserInfoVC */,
				EDAE95051F1C66B000A6BCCA /* UserRecoderVC */,
				EDAE95031F1C66B000A6BCCA /* CommonQuestionVC */,
				EDAE95041F1C66B000A6BCCA /* FeedBackVC */,
				EDAE95021F1C66B000A6BCCA /* AboutVC */,
				ED6921751F132B8200F13C61 /* View */,
			);
			path = MineInfo;
			sourceTree = "<group>";
		};
		ED28A4361F0CDB4C0033940C /* Operation */ = {
			isa = PBXGroup;
			children = (
				ED28A4771F0F86340033940C /* MYOperationViewController.h */,
				ED28A4781F0F86340033940C /* MYOperationViewController.m */,
				ED28A4851F0F8D740033940C /* MYOperationViewController.storyboard */,
				ED28A4871F0F906F0033940C /* View */,
				ED69217F1F14BE5E00F13C61 /* Controllers */,
			);
			path = Operation;
			sourceTree = "<group>";
		};
		ED28A4371F0CDB4C0033940C /* ViewModel(视图模型) */ = {
			isa = PBXGroup;
			children = (
			);
			path = "ViewModel(视图模型)";
			sourceTree = "<group>";
		};
		ED28A46A1F0F215B0033940C /* CustomTools */ = {
			isa = PBXGroup;
			children = (
				ED69221C1F18737400F13C61 /* UIAlertController+Custom.h */,
				ED69221D1F18737400F13C61 /* UIAlertController+Custom.m */,
				ED28A46B1F0F21970033940C /* MYDividingRuleScrollView.h */,
				ED28A46C1F0F21970033940C /* MYDividingRuleScrollView.m */,
				ED28A46E1F0F2B310033940C /* MYDividingRuleView.h */,
				ED28A46F1F0F2B310033940C /* MYDividingRuleView.m */,
				EDAE951C1F1CBAD000A6BCCA /* MYCalculateHeight.h */,
				EDAE951D1F1CBAD000A6BCCA /* MYCalculateHeight.m */,
			);
			name = CustomTools;
			sourceTree = "<group>";
		};
		ED28A4871F0F906F0033940C /* View */ = {
			isa = PBXGroup;
			children = (
				ED28A4881F0F908C0033940C /* MYOperationCell.h */,
				ED28A4891F0F908C0033940C /* MYOperationCell.m */,
			);
			path = View;
			sourceTree = "<group>";
		};
		ED65E0921F0CD1EA00EE1F20 = {
			isa = PBXGroup;
			children = (
				ED65E09D1F0CD1EA00EE1F20 /* 摩也放松馆 */,
				ED65E0B11F0CD1EA00EE1F20 /* 摩也放松馆Tests */,
				ED65E0BC1F0CD1EA00EE1F20 /* 摩也放松馆UITests */,
				ED65E09C1F0CD1EA00EE1F20 /* Products */,
				6B9CA9FC82E13873DD100BB0 /* Pods */,
				64CFEB4B075CF20128EA76F0 /* Frameworks */,
			);
			sourceTree = "<group>";
		};
		ED65E09C1F0CD1EA00EE1F20 /* Products */ = {
			isa = PBXGroup;
			children = (
				ED65E09B1F0CD1EA00EE1F20 /* 摩也放松馆.app */,
				ED65E0AE1F0CD1EA00EE1F20 /* 摩也放松馆Tests.xctest */,
				ED65E0B91F0CD1EA00EE1F20 /* 摩也放松馆UITests.xctest */,
			);
			name = Products;
			sourceTree = "<group>";
		};
		ED65E09D1F0CD1EA00EE1F20 /* 摩也放松馆 */ = {
			isa = PBXGroup;
			children = (
				ED28A40D1F0CDB4C0033940C /* Classes */,
				ED65E0A11F0CD1EA00EE1F20 /* AppDelegate.h */,
				ED65E0A21F0CD1EA00EE1F20 /* AppDelegate.m */,
				ED28A3E41F0CD9240033940C /* PrefixHeader.pch */,
				ED65E09E1F0CD1EA00EE1F20 /* Supporting Files */,
			);
			path = "摩也放松馆";
			sourceTree = "<group>";
		};
		ED65E09E1F0CD1EA00EE1F20 /* Supporting Files */ = {
			isa = PBXGroup;
			children = (
				ED65E0CB1F0CD39300EE1F20 /* Launch Screen.storyboard */,
				ED65E0A41F0CD1EA00EE1F20 /* Assets.xcassets */,
				ED65E0A91F0CD1EA00EE1F20 /* Info.plist */,
				ED65E09F1F0CD1EA00EE1F20 /* main.m */,
			);
			name = "Supporting Files";
			sourceTree = "<group>";
		};
		ED65E0B11F0CD1EA00EE1F20 /* 摩也放松馆Tests */ = {
			isa = PBXGroup;
			children = (
				ED65E0B21F0CD1EA00EE1F20 /* _____Tests.m */,
				ED65E0B41F0CD1EA00EE1F20 /* Info.plist */,
			);
			path = "摩也放松馆Tests";
			sourceTree = "<group>";
		};
		ED65E0BC1F0CD1EA00EE1F20 /* 摩也放松馆UITests */ = {
			isa = PBXGroup;
			children = (
				ED65E0BD1F0CD1EA00EE1F20 /* _____UITests.m */,
				ED65E0BF1F0CD1EA00EE1F20 /* Info.plist */,
			);
			path = "摩也放松馆UITests";
			sourceTree = "<group>";
		};
		ED6921751F132B8200F13C61 /* View */ = {
			isa = PBXGroup;
			children = (
				ED6921761F132BA200F13C61 /* MYMineInfoTableViewCell.h */,
				ED6921771F132BA200F13C61 /* MYMineInfoTableViewCell.m */,
			);
			path = View;
			sourceTree = "<group>";
		};
		ED69217F1F14BE5E00F13C61 /* Controllers */ = {
			isa = PBXGroup;
			children = (
				ED6921801F14BE7600F13C61 /* MYWorkViewBaseController.h */,
				ED6921811F14BE7600F13C61 /* MYWorkViewBaseController.m */,
				ED6921871F14CC3F00F13C61 /* View */,
			);
			path = Controllers;
			sourceTree = "<group>";
		};
		ED6921871F14CC3F00F13C61 /* View */ = {
			isa = PBXGroup;
			children = (
				ED6921881F14CC3F00F13C61 /* MYWorkTypeBtnView.h */,
				ED6921891F14CC3F00F13C61 /* MYWorkTypeBtnView.m */,
				ED69218B1F14CC6A00F13C61 /* MYCustomLayout.h */,
				ED69218C1F14CC6A00F13C61 /* MYCustomLayout.m */,
				ED69218E1F15D25500F13C61 /* MYWorkCollectionViewCell.h */,
				ED69218F1F15D25500F13C61 /* MYWorkCollectionViewCell.m */,
				ED6921941F1605AC00F13C61 /* MYGearView.h */,
				ED6921951F1605AC00F13C61 /* MYGearView.m */,
				ED6921911F16045500F13C61 /* MYPickerView.h */,
				ED6921921F16045500F13C61 /* MYPickerView.m */,
			);
			path = View;
			sourceTree = "<group>";
		};
		ED6922181F18707200F13C61 /* BLETools */ = {
			isa = PBXGroup;
			children = (
				ED6922191F18708200F13C61 /* MYBLETools.h */,
				ED69221A1F18708200F13C61 /* MYBLETools.m */,
			);
			path = BLETools;
			sourceTree = "<group>";
		};
		EDAE94FE1F1C539A00A6BCCA /* Model */ = {
			isa = PBXGroup;
			children = (
				EDAE94FF1F1C53AB00A6BCCA /* MYUserInfoModel.h */,
				EDAE95001F1C53AB00A6BCCA /* MYUserInfoModel.m */,
			);
			path = Model;
			sourceTree = "<group>";
		};
		EDAE95021F1C66B000A6BCCA /* AboutVC */ = {
			isa = PBXGroup;
			children = (
				EDAE950F1F1C66EE00A6BCCA /* MYAboutViewController.h */,
				EDAE95101F1C66EE00A6BCCA /* MYAboutViewController.m */,
				ED07F31B1F1DE3D8009E19A3 /* MYAboutViewHeaderView.h */,
				ED07F31C1F1DE3D8009E19A3 /* MYAboutViewHeaderView.m */,
			);
			path = AboutVC;
			sourceTree = "<group>";
		};
		EDAE95031F1C66B000A6BCCA /* CommonQuestionVC */ = {
			isa = PBXGroup;
			children = (
				EDAE95091F1C66DE00A6BCCA /* MYCommonQuestionViewController.h */,
				EDAE950A1F1C66DE00A6BCCA /* MYCommonQuestionViewController.m */,
				EDAE95191F1CB59A00A6BCCA /* MYQuestionHeaderView.h */,
				EDAE951A1F1CB59A00A6BCCA /* MYQuestionHeaderView.m */,
				ED07F3181F1DAD98009E19A3 /* MYQuestionTableViewCell.h */,
				ED07F3191F1DAD98009E19A3 /* MYQuestionTableViewCell.m */,
			);
			path = CommonQuestionVC;
			sourceTree = "<group>";
		};
		EDAE95041F1C66B000A6BCCA /* FeedBackVC */ = {
			isa = PBXGroup;
			children = (
				EDAE950C1F1C66E600A6BCCA /* MYFeedBackViewController.h */,
				EDAE950D1F1C66E600A6BCCA /* MYFeedBackViewController.m */,
				ED626FE11F1E048500705484 /* MYFeedBackTableViewCell.h */,
				ED626FE21F1E048500705484 /* MYFeedBackTableViewCell.m */,
				ED626FDE1F1E003A00705484 /* MYFeedBackInputView.h */,
				ED626FDF1F1E003A00705484 /* MYFeedBackInputView.m */,
			);
			path = FeedBackVC;
			sourceTree = "<group>";
		};
		EDAE95051F1C66B000A6BCCA /* UserRecoderVC */ = {
			isa = PBXGroup;
			children = (
				EDAE95061F1C66D500A6BCCA /* MYUserRecoderViewController.h */,
				EDAE95071F1C66D500A6BCCA /* MYUserRecoderViewController.m */,
			);
			path = UserRecoderVC;
			sourceTree = "<group>";
		};
		EDAE95121F1C67D000A6BCCA /* UserInfoVC */ = {
			isa = PBXGroup;
			children = (
				EDAE95131F1C67D800A6BCCA /* MYUserInfoViewController.h */,
				EDAE95141F1C67D800A6BCCA /* MYUserInfoViewController.m */,
			);
			path = UserInfoVC;
			sourceTree = "<group>";
		};
/* End PBXGroup section */

/* Begin PBXNativeTarget section */
		ED65E09A1F0CD1EA00EE1F20 /* 摩也放松馆 */ = {
			isa = PBXNativeTarget;
			buildConfigurationList = ED65E0C21F0CD1EA00EE1F20 /* Build configuration list for PBXNativeTarget "摩也放松馆" */;
			buildPhases = (
				6EB1F36E2D44CFD6074751AC /* [CP] Check Pods Manifest.lock */,
				ED65E0971F0CD1EA00EE1F20 /* Sources */,
				ED65E0981F0CD1EA00EE1F20 /* Frameworks */,
				ED65E0991F0CD1EA00EE1F20 /* Resources */,
				EDAA35C7E5527BAB38E24661 /* [CP] Embed Pods Frameworks */,
				1A484334E22B0A32B128FDD9 /* [CP] Copy Pods Resources */,
			);
			buildRules = (
			);
			dependencies = (
			);
			name = "摩也放松馆";
			productName = "摩也放松馆";
			productReference = ED65E09B1F0CD1EA00EE1F20 /* 摩也放松馆.app */;
			productType = "com.apple.product-type.application";
		};
		ED65E0AD1F0CD1EA00EE1F20 /* 摩也放松馆Tests */ = {
			isa = PBXNativeTarget;
			buildConfigurationList = ED65E0C51F0CD1EA00EE1F20 /* Build configuration list for PBXNativeTarget "摩也放松馆Tests" */;
			buildPhases = (
				ED65E0AA1F0CD1EA00EE1F20 /* Sources */,
				ED65E0AB1F0CD1EA00EE1F20 /* Frameworks */,
				ED65E0AC1F0CD1EA00EE1F20 /* Resources */,
			);
			buildRules = (
			);
			dependencies = (
				ED65E0B01F0CD1EA00EE1F20 /* PBXTargetDependency */,
			);
			name = "摩也放松馆Tests";
			productName = "摩也放松馆Tests";
			productReference = ED65E0AE1F0CD1EA00EE1F20 /* 摩也放松馆Tests.xctest */;
			productType = "com.apple.product-type.bundle.unit-test";
		};
		ED65E0B81F0CD1EA00EE1F20 /* 摩也放松馆UITests */ = {
			isa = PBXNativeTarget;
			buildConfigurationList = ED65E0C81F0CD1EA00EE1F20 /* Build configuration list for PBXNativeTarget "摩也放松馆UITests" */;
			buildPhases = (
				ED65E0B51F0CD1EA00EE1F20 /* Sources */,
				ED65E0B61F0CD1EA00EE1F20 /* Frameworks */,
				ED65E0B71F0CD1EA00EE1F20 /* Resources */,
			);
			buildRules = (
			);
			dependencies = (
				ED65E0BB1F0CD1EA00EE1F20 /* PBXTargetDependency */,
			);
			name = "摩也放松馆UITests";
			productName = "摩也放松馆UITests";
			productReference = ED65E0B91F0CD1EA00EE1F20 /* 摩也放松馆UITests.xctest */;
			productType = "com.apple.product-type.bundle.ui-testing";
		};
/* End PBXNativeTarget section */

/* Begin PBXProject section */
		ED65E0931F0CD1EA00EE1F20 /* Project object */ = {
			isa = PBXProject;
			attributes = {
				CLASSPREFIX = MY;
				LastUpgradeCheck = 0830;
				ORGANIZATIONNAME = "张海昌";
				TargetAttributes = {
					ED65E09A1F0CD1EA00EE1F20 = {
						CreatedOnToolsVersion = 8.3.2;
						DevelopmentTeam = WA9VRUVC47;
						ProvisioningStyle = Automatic;
					};
					ED65E0AD1F0CD1EA00EE1F20 = {
						CreatedOnToolsVersion = 8.3.2;
						DevelopmentTeam = WA9VRUVC47;
						ProvisioningStyle = Automatic;
						TestTargetID = ED65E09A1F0CD1EA00EE1F20;
					};
					ED65E0B81F0CD1EA00EE1F20 = {
						CreatedOnToolsVersion = 8.3.2;
						DevelopmentTeam = WA9VRUVC47;
						ProvisioningStyle = Automatic;
						TestTargetID = ED65E09A1F0CD1EA00EE1F20;
					};
				};
			};
			buildConfigurationList = ED65E0961F0CD1EA00EE1F20 /* Build configuration list for PBXProject "摩也放松馆" */;
			compatibilityVersion = "Xcode 3.2";
			developmentRegion = English;
			hasScannedForEncodings = 0;
			knownRegions = (
				en,
				Base,
			);
			mainGroup = ED65E0921F0CD1EA00EE1F20;
			productRefGroup = ED65E09C1F0CD1EA00EE1F20 /* Products */;
			projectDirPath = "";
			projectRoot = "";
			targets = (
				ED65E09A1F0CD1EA00EE1F20 /* 摩也放松馆 */,
				ED65E0AD1F0CD1EA00EE1F20 /* 摩也放松馆Tests */,
				ED65E0B81F0CD1EA00EE1F20 /* 摩也放松馆UITests */,
			);
		};
/* End PBXProject section */

/* Begin PBXResourcesBuildPhase section */
		ED65E0991F0CD1EA00EE1F20 /* Resources */ = {
			isa = PBXResourcesBuildPhase;
			buildActionMask = 2147483647;
			files = (
				ED28A4461F0CDB4C0033940C /* LaunchView.xib in Resources */,
				ED28A4861F0F8D740033940C /* MYOperationViewController.storyboard in Resources */,
				ED65E0CC1F0CD39300EE1F20 /* Launch Screen.storyboard in Resources */,
				ED65E0A51F0CD1EA00EE1F20 /* Assets.xcassets in Resources */,
			);
			runOnlyForDeploymentPostprocessing = 0;
		};
		ED65E0AC1F0CD1EA00EE1F20 /* Resources */ = {
			isa = PBXResourcesBuildPhase;
			buildActionMask = 2147483647;
			files = (
			);
			runOnlyForDeploymentPostprocessing = 0;
		};
		ED65E0B71F0CD1EA00EE1F20 /* Resources */ = {
			isa = PBXResourcesBuildPhase;
			buildActionMask = 2147483647;
			files = (
			);
			runOnlyForDeploymentPostprocessing = 0;
		};
/* End PBXResourcesBuildPhase section */

/* Begin PBXShellScriptBuildPhase section */
		1A484334E22B0A32B128FDD9 /* [CP] Copy Pods Resources */ = {
			isa = PBXShellScriptBuildPhase;
			buildActionMask = 2147483647;
			files = (
			);
			inputPaths = (
			);
			name = "[CP] Copy Pods Resources";
			outputPaths = (
			);
			runOnlyForDeploymentPostprocessing = 0;
			shellPath = /bin/sh;
			shellScript = "\"${SRCROOT}/Pods/Target Support Files/Pods-摩也放松馆/Pods-摩也放松馆-resources.sh\"\n";
			showEnvVarsInLog = 0;
		};
		6EB1F36E2D44CFD6074751AC /* [CP] Check Pods Manifest.lock */ = {
			isa = PBXShellScriptBuildPhase;
			buildActionMask = 2147483647;
			files = (
			);
			inputPaths = (
			);
			name = "[CP] Check Pods Manifest.lock";
			outputPaths = (
			);
			runOnlyForDeploymentPostprocessing = 0;
			shellPath = /bin/sh;
			shellScript = "diff \"${PODS_ROOT}/../Podfile.lock\" \"${PODS_ROOT}/Manifest.lock\" > /dev/null\nif [ $? != 0 ] ; then\n    # print error to STDERR\n    echo \"error: The sandbox is not in sync with the Podfile.lock. Run 'pod install' or update your CocoaPods installation.\" >&2\n    exit 1\nfi\n";
			showEnvVarsInLog = 0;
		};
		EDAA35C7E5527BAB38E24661 /* [CP] Embed Pods Frameworks */ = {
			isa = PBXShellScriptBuildPhase;
			buildActionMask = 2147483647;
			files = (
			);
			inputPaths = (
			);
			name = "[CP] Embed Pods Frameworks";
			outputPaths = (
			);
			runOnlyForDeploymentPostprocessing = 0;
			shellPath = /bin/sh;
			shellScript = "\"${SRCROOT}/Pods/Target Support Files/Pods-摩也放松馆/Pods-摩也放松馆-frameworks.sh\"\n";
			showEnvVarsInLog = 0;
		};
/* End PBXShellScriptBuildPhase section */

/* Begin PBXSourcesBuildPhase section */
		ED65E0971F0CD1EA00EE1F20 /* Sources */ = {
			isa = PBXSourcesBuildPhase;
			buildActionMask = 2147483647;
			files = (
				ED69218A1F14CC3F00F13C61 /* MYWorkTypeBtnView.m in Sources */,
				ED28A48A1F0F908C0033940C /* MYOperationCell.m in Sources */,
				ED626FE31F1E048500705484 /* MYFeedBackTableViewCell.m in Sources */,
				ED6921931F16045500F13C61 /* MYPickerView.m in Sources */,
				ED28A4821F0F8B740033940C /* MYMainBaseViewController.m in Sources */,
				ED28A43F1F0CDB4C0033940C /* UIColor+CZAddition.m in Sources */,
				ED28A4391F0CDB4C0033940C /* NSAttributedString+CZAdditon.m in Sources */,
				ED28A4701F0F2B310033940C /* MYDividingRuleView.m in Sources */,
				ED07F31D1F1DE3D8009E19A3 /* MYAboutViewHeaderView.m in Sources */,
				ED28A4571F0DDAC80033940C /* MYNavViewController.m in Sources */,
				ED69221B1F18708200F13C61 /* MYBLETools.m in Sources */,
				ED6921781F132BA200F13C61 /* MYMineInfoTableViewCell.m in Sources */,
				ED28A43D1F0CDB4C0033940C /* NSString+CZPath.m in Sources */,
				ED28A4661F0DE0030033940C /* MYPhoneViewController.m in Sources */,
				ED28A4381F0CDB4C0033940C /* NSArray+Log.m in Sources */,
				ED6921901F15D25500F13C61 /* MYWorkCollectionViewCell.m in Sources */,
				ED626FE01F1E003A00705484 /* MYFeedBackInputView.m in Sources */,
				ED28A45A1F0DDF6A0033940C /* MYSexViewController.m in Sources */,
				ED69217B1F13646F00F13C61 /* MYSearchSerViewController.m in Sources */,
				EDAE95081F1C66D500A6BCCA /* MYUserRecoderViewController.m in Sources */,
				ED28A46D1F0F21970033940C /* MYDividingRuleScrollView.m in Sources */,
				ED65E0A31F0CD1EA00EE1F20 /* AppDelegate.m in Sources */,
				ED28A44B1F0CDFC40033940C /* UIView+Extension.m in Sources */,
				ED28A4631F0DDFF80033940C /* MYWeightViewController.m in Sources */,
				ED28A43E1F0CDB4C0033940C /* UIButton+CZAddition.m in Sources */,
				ED28A4421F0CDB4C0033940C /* UIView+CZAddition.m in Sources */,
				ED28A4731F0F73F30033940C /* UITextField+Custom.m in Sources */,
				EDAE95111F1C66EE00A6BCCA /* MYAboutViewController.m in Sources */,
				ED28A4471F0CDB4C0033940C /* MainViewController.m in Sources */,
				ED28A43C1F0CDB4C0033940C /* NSString+CZHash.m in Sources */,
				ED28A4761F0F74340033940C /* MYPhoneView.m in Sources */,
				ED28A4401F0CDB4C0033940C /* UILabel+CZAddition.m in Sources */,
				EDAE95151F1C67D800A6BCCA /* MYUserInfoViewController.m in Sources */,
				ED28A43B1F0CDB4C0033940C /* NSString+CZBase64.m in Sources */,
				ED6921961F1605AC00F13C61 /* MYGearView.m in Sources */,
				ED28A43A1F0CDB4C0033940C /* NSObject+CZRuntime.m in Sources */,
				ED28A4541F0DD7E90033940C /* CZBtnView.m in Sources */,
				ED28A47C1F0F863C0033940C /* MYAddServiceViewController.m in Sources */,
				EDAE95011F1C53AC00A6BCCA /* MYUserInfoModel.m in Sources */,
				ED28A4791F0F86340033940C /* MYOperationViewController.m in Sources */,
				ED07F31A1F1DAD98009E19A3 /* MYQuestionTableViewCell.m in Sources */,
				EDAE951E1F1CBAD000A6BCCA /* MYCalculateHeight.m in Sources */,
				ED28A4431F0CDB4C0033940C /* UIViewController+CZAddition.m in Sources */,
				ED28A4411F0CDB4C0033940C /* UIScreen+CZAddition.m in Sources */,
				ED69217E1F136F5400F13C61 /* UIBarButtonItem+Extension.m in Sources */,
				ED28A4601F0DDFD90033940C /* MYHeightViewController.m in Sources */,
				EDAE950E1F1C66E600A6BCCA /* MYFeedBackViewController.m in Sources */,
				EDAE950B1F1C66DE00A6BCCA /* MYCommonQuestionViewController.m in Sources */,
				ED69221E1F18737400F13C61 /* UIAlertController+Custom.m in Sources */,
				ED69218D1F14CC6A00F13C61 /* MYCustomLayout.m in Sources */,
				ED28A44E1F0CEDD20033940C /* UIImage+Extension.m in Sources */,
				ED28A4451F0CDB4C0033940C /* LaunchView.m in Sources */,
				ED6921821F14BE7600F13C61 /* MYWorkViewBaseController.m in Sources */,
				ED65E0A01F0CD1EA00EE1F20 /* main.m in Sources */,
				ED28A45D1F0DDFB80033940C /* MYBirthdayViewController.m in Sources */,
				EDAE951B1F1CB59A00A6BCCA /* MYQuestionHeaderView.m in Sources */,
				ED28A47F1F0F86430033940C /* MYMineInfoViewController.m in Sources */,
				ED28A4691F0E0E170033940C /* MYUserInfoBaseViewController.m in Sources */,
			);
			runOnlyForDeploymentPostprocessing = 0;
		};
		ED65E0AA1F0CD1EA00EE1F20 /* Sources */ = {
			isa = PBXSourcesBuildPhase;
			buildActionMask = 2147483647;
			files = (
				ED65E0B31F0CD1EA00EE1F20 /* _____Tests.m in Sources */,
			);
			runOnlyForDeploymentPostprocessing = 0;
		};
		ED65E0B51F0CD1EA00EE1F20 /* Sources */ = {
			isa = PBXSourcesBuildPhase;
			buildActionMask = 2147483647;
			files = (
				ED65E0BE1F0CD1EA00EE1F20 /* _____UITests.m in Sources */,
			);
			runOnlyForDeploymentPostprocessing = 0;
		};
/* End PBXSourcesBuildPhase section */

/* Begin PBXTargetDependency section */
		ED65E0B01F0CD1EA00EE1F20 /* PBXTargetDependency */ = {
			isa = PBXTargetDependency;
			target = ED65E09A1F0CD1EA00EE1F20 /* 摩也放松馆 */;
			targetProxy = ED65E0AF1F0CD1EA00EE1F20 /* PBXContainerItemProxy */;
		};
		ED65E0BB1F0CD1EA00EE1F20 /* PBXTargetDependency */ = {
			isa = PBXTargetDependency;
			target = ED65E09A1F0CD1EA00EE1F20 /* 摩也放松馆 */;
			targetProxy = ED65E0BA1F0CD1EA00EE1F20 /* PBXContainerItemProxy */;
		};
/* End PBXTargetDependency section */

/* Begin XCBuildConfiguration section */
		ED65E0C01F0CD1EA00EE1F20 /* Debug */ = {
			isa = XCBuildConfiguration;
			buildSettings = {
				ALWAYS_SEARCH_USER_PATHS = NO;
				CLANG_ANALYZER_NONNULL = YES;
				CLANG_ANALYZER_NUMBER_OBJECT_CONVERSION = YES_AGGRESSIVE;
				CLANG_CXX_LANGUAGE_STANDARD = "gnu++0x";
				CLANG_CXX_LIBRARY = "libc++";
				CLANG_ENABLE_MODULES = YES;
				CLANG_ENABLE_OBJC_ARC = YES;
				CLANG_WARN_BOOL_CONVERSION = YES;
				CLANG_WARN_CONSTANT_CONVERSION = YES;
				CLANG_WARN_DIRECT_OBJC_ISA_USAGE = YES_ERROR;
				CLANG_WARN_DOCUMENTATION_COMMENTS = YES;
				CLANG_WARN_EMPTY_BODY = YES;
				CLANG_WARN_ENUM_CONVERSION = YES;
				CLANG_WARN_INFINITE_RECURSION = YES;
				CLANG_WARN_INT_CONVERSION = YES;
				CLANG_WARN_OBJC_ROOT_CLASS = YES_ERROR;
				CLANG_WARN_SUSPICIOUS_MOVE = YES;
				CLANG_WARN_UNREACHABLE_CODE = YES;
				CLANG_WARN__DUPLICATE_METHOD_MATCH = YES;
				"CODE_SIGN_IDENTITY[sdk=iphoneos*]" = "iPhone Developer";
				COPY_PHASE_STRIP = NO;
				DEBUG_INFORMATION_FORMAT = dwarf;
				ENABLE_STRICT_OBJC_MSGSEND = YES;
				ENABLE_TESTABILITY = YES;
				GCC_C_LANGUAGE_STANDARD = gnu99;
				GCC_DYNAMIC_NO_PIC = NO;
				GCC_NO_COMMON_BLOCKS = YES;
				GCC_OPTIMIZATION_LEVEL = 0;
				GCC_PREPROCESSOR_DEFINITIONS = (
					"DEBUG=1",
					"$(inherited)",
				);
				GCC_WARN_64_TO_32_BIT_CONVERSION = YES;
				GCC_WARN_ABOUT_RETURN_TYPE = YES_ERROR;
				GCC_WARN_UNDECLARED_SELECTOR = YES;
				GCC_WARN_UNINITIALIZED_AUTOS = YES_AGGRESSIVE;
				GCC_WARN_UNUSED_FUNCTION = YES;
				GCC_WARN_UNUSED_VARIABLE = YES;
				IPHONEOS_DEPLOYMENT_TARGET = 10.3;
				MTL_ENABLE_DEBUG_INFO = YES;
				ONLY_ACTIVE_ARCH = YES;
				SDKROOT = iphoneos;
			};
			name = Debug;
		};
		ED65E0C11F0CD1EA00EE1F20 /* Release */ = {
			isa = XCBuildConfiguration;
			buildSettings = {
				ALWAYS_SEARCH_USER_PATHS = NO;
				CLANG_ANALYZER_NONNULL = YES;
				CLANG_ANALYZER_NUMBER_OBJECT_CONVERSION = YES_AGGRESSIVE;
				CLANG_CXX_LANGUAGE_STANDARD = "gnu++0x";
				CLANG_CXX_LIBRARY = "libc++";
				CLANG_ENABLE_MODULES = YES;
				CLANG_ENABLE_OBJC_ARC = YES;
				CLANG_WARN_BOOL_CONVERSION = YES;
				CLANG_WARN_CONSTANT_CONVERSION = YES;
				CLANG_WARN_DIRECT_OBJC_ISA_USAGE = YES_ERROR;
				CLANG_WARN_DOCUMENTATION_COMMENTS = YES;
				CLANG_WARN_EMPTY_BODY = YES;
				CLANG_WARN_ENUM_CONVERSION = YES;
				CLANG_WARN_INFINITE_RECURSION = YES;
				CLANG_WARN_INT_CONVERSION = YES;
				CLANG_WARN_OBJC_ROOT_CLASS = YES_ERROR;
				CLANG_WARN_SUSPICIOUS_MOVE = YES;
				CLANG_WARN_UNREACHABLE_CODE = YES;
				CLANG_WARN__DUPLICATE_METHOD_MATCH = YES;
				"CODE_SIGN_IDENTITY[sdk=iphoneos*]" = "iPhone Developer";
				COPY_PHASE_STRIP = NO;
				DEBUG_INFORMATION_FORMAT = "dwarf-with-dsym";
				ENABLE_NS_ASSERTIONS = NO;
				ENABLE_STRICT_OBJC_MSGSEND = YES;
				GCC_C_LANGUAGE_STANDARD = gnu99;
				GCC_NO_COMMON_BLOCKS = YES;
				GCC_WARN_64_TO_32_BIT_CONVERSION = YES;
				GCC_WARN_ABOUT_RETURN_TYPE = YES_ERROR;
				GCC_WARN_UNDECLARED_SELECTOR = YES;
				GCC_WARN_UNINITIALIZED_AUTOS = YES_AGGRESSIVE;
				GCC_WARN_UNUSED_FUNCTION = YES;
				GCC_WARN_UNUSED_VARIABLE = YES;
				IPHONEOS_DEPLOYMENT_TARGET = 10.3;
				MTL_ENABLE_DEBUG_INFO = NO;
				SDKROOT = iphoneos;
				VALIDATE_PRODUCT = YES;
			};
			name = Release;
		};
		ED65E0C31F0CD1EA00EE1F20 /* Debug */ = {
			isa = XCBuildConfiguration;
			baseConfigurationReference = 1376FDB835EDF64707C6E972 /* Pods-摩也放松馆.debug.xcconfig */;
			buildSettings = {
				ASSETCATALOG_COMPILER_APPICON_NAME = AppIcon;
				DEVELOPMENT_TEAM = WA9VRUVC47;
				GCC_PREFIX_HEADER = "/Users/hangzhouaerfate/Desktop/摩也放松馆/摩也放松馆/PrefixHeader.pch";
				INFOPLIST_FILE = "摩也放松馆/Info.plist";
				IPHONEOS_DEPLOYMENT_TARGET = 8.0;
				LD_RUNPATH_SEARCH_PATHS = "$(inherited) @executable_path/Frameworks";
				PRODUCT_BUNDLE_IDENTIFIER = com.haiChang.moyefangsongguan;
				PRODUCT_NAME = "$(TARGET_NAME)";
				TARGETED_DEVICE_FAMILY = 1;
			};
			name = Debug;
		};
		ED65E0C41F0CD1EA00EE1F20 /* Release */ = {
			isa = XCBuildConfiguration;
			baseConfigurationReference = 3D12B5C3E6B794669DD453FB /* Pods-摩也放松馆.release.xcconfig */;
			buildSettings = {
				ASSETCATALOG_COMPILER_APPICON_NAME = AppIcon;
				DEVELOPMENT_TEAM = WA9VRUVC47;
				GCC_PREFIX_HEADER = "/Users/hangzhouaerfate/Desktop/摩也放松馆/摩也放松馆/PrefixHeader.pch";
				INFOPLIST_FILE = "摩也放松馆/Info.plist";
				IPHONEOS_DEPLOYMENT_TARGET = 8.0;
				LD_RUNPATH_SEARCH_PATHS = "$(inherited) @executable_path/Frameworks";
				PRODUCT_BUNDLE_IDENTIFIER = com.haiChang.moyefangsongguan;
				PRODUCT_NAME = "$(TARGET_NAME)";
				TARGETED_DEVICE_FAMILY = 1;
			};
			name = Release;
		};
		ED65E0C61F0CD1EA00EE1F20 /* Debug */ = {
			isa = XCBuildConfiguration;
			buildSettings = {
				BUNDLE_LOADER = "$(TEST_HOST)";
				DEVELOPMENT_TEAM = WA9VRUVC47;
				INFOPLIST_FILE = "摩也放松馆Tests/Info.plist";
				LD_RUNPATH_SEARCH_PATHS = "$(inherited) @executable_path/Frameworks @loader_path/Frameworks";
				PRODUCT_BUNDLE_IDENTIFIER = "com.haiChang.InternationalEdition.-----Tests";
				PRODUCT_NAME = "$(TARGET_NAME)";
				TEST_HOST = "$(BUILT_PRODUCTS_DIR)/摩也放松馆.app/摩也放松馆";
			};
			name = Debug;
		};
		ED65E0C71F0CD1EA00EE1F20 /* Release */ = {
			isa = XCBuildConfiguration;
			buildSettings = {
				BUNDLE_LOADER = "$(TEST_HOST)";
				DEVELOPMENT_TEAM = WA9VRUVC47;
				INFOPLIST_FILE = "摩也放松馆Tests/Info.plist";
				LD_RUNPATH_SEARCH_PATHS = "$(inherited) @executable_path/Frameworks @loader_path/Frameworks";
				PRODUCT_BUNDLE_IDENTIFIER = "com.haiChang.InternationalEdition.-----Tests";
				PRODUCT_NAME = "$(TARGET_NAME)";
				TEST_HOST = "$(BUILT_PRODUCTS_DIR)/摩也放松馆.app/摩也放松馆";
			};
			name = Release;
		};
		ED65E0C91F0CD1EA00EE1F20 /* Debug */ = {
			isa = XCBuildConfiguration;
			buildSettings = {
				DEVELOPMENT_TEAM = WA9VRUVC47;
				INFOPLIST_FILE = "摩也放松馆UITests/Info.plist";
				LD_RUNPATH_SEARCH_PATHS = "$(inherited) @executable_path/Frameworks @loader_path/Frameworks";
				PRODUCT_BUNDLE_IDENTIFIER = "com.haiChang.InternationalEdition.-----UITests";
				PRODUCT_NAME = "$(TARGET_NAME)";
				TEST_TARGET_NAME = "摩也放松馆";
			};
			name = Debug;
		};
		ED65E0CA1F0CD1EA00EE1F20 /* Release */ = {
			isa = XCBuildConfiguration;
			buildSettings = {
				DEVELOPMENT_TEAM = WA9VRUVC47;
				INFOPLIST_FILE = "摩也放松馆UITests/Info.plist";
				LD_RUNPATH_SEARCH_PATHS = "$(inherited) @executable_path/Frameworks @loader_path/Frameworks";
				PRODUCT_BUNDLE_IDENTIFIER = "com.haiChang.InternationalEdition.-----UITests";
				PRODUCT_NAME = "$(TARGET_NAME)";
				TEST_TARGET_NAME = "摩也放松馆";
			};
			name = Release;
		};
/* End XCBuildConfiguration section */

/* Begin XCConfigurationList section */
		ED65E0961F0CD1EA00EE1F20 /* Build configuration list for PBXProject "摩也放松馆" */ = {
			isa = XCConfigurationList;
			buildConfigurations = (
				ED65E0C01F0CD1EA00EE1F20 /* Debug */,
				ED65E0C11F0CD1EA00EE1F20 /* Release */,
			);
			defaultConfigurationIsVisible = 0;
			defaultConfigurationName = Release;
		};
		ED65E0C21F0CD1EA00EE1F20 /* Build configuration list for PBXNativeTarget "摩也放松馆" */ = {
			isa = XCConfigurationList;
			buildConfigurations = (
				ED65E0C31F0CD1EA00EE1F20 /* Debug */,
				ED65E0C41F0CD1EA00EE1F20 /* Release */,
			);
			defaultConfigurationIsVisible = 0;
			defaultConfigurationName = Release;
		};
		ED65E0C51F0CD1EA00EE1F20 /* Build configuration list for PBXNativeTarget "摩也放松馆Tests" */ = {
			isa = XCConfigurationList;
			buildConfigurations = (
				ED65E0C61F0CD1EA00EE1F20 /* Debug */,
				ED65E0C71F0CD1EA00EE1F20 /* Release */,
			);
			defaultConfigurationIsVisible = 0;
			defaultConfigurationName = Release;
		};
		ED65E0C81F0CD1EA00EE1F20 /* Build configuration list for PBXNativeTarget "摩也放松馆UITests" */ = {
			isa = XCConfigurationList;
			buildConfigurations = (
				ED65E0C91F0CD1EA00EE1F20 /* Debug */,
				ED65E0CA1F0CD1EA00EE1F20 /* Release */,
			);
			defaultConfigurationIsVisible = 0;
			defaultConfigurationName = Release;
		};
/* End XCConfigurationList section */
	};
	rootObject = ED65E0931F0CD1EA00EE1F20 /* Project object */;
}
